
Microsoft Visual Studio Solution File, Format Version 12.00
# Visual Studio Version 17
VisualStudioVersion = 17.13.35919.96 d17.13
MinimumVisualStudioVersion = 10.0.40219.1
Project("{FAE04EC0-301F-11D3-BF4B-00C04F79EFBC}") = "FizzBuzz", "FizzBuzz\FizzBuzz.csproj", "{5C35B696-798C-45B0-A337-AB9CB9EDD09B}"
EndProject
Global
	GlobalSection(SolutionConfigurationPlatforms) = preSolution
		Debug|Any CPU = Debug|Any CPU
		Release|Any CPU = Release|Any CPU
	EndGlobalSection
	GlobalSection(ProjectConfigurationPlatforms) = postSolution
		{5C35B696-798C-45B0-A337-AB9CB9EDD09B}.Debug|Any CPU.ActiveCfg = Debug|Any CPU
		{5C35B696-798C-45B0-A337-AB9CB9EDD09B}.Debug|Any CPU.Build.0 = Debug|Any CPU
		{5C35B696-798C-45B0-A337-AB9CB9EDD09B}.Release|Any CPU.ActiveCfg = Release|Any CPU
		{5C35B696-798C-45B0-A337-AB9CB9EDD09B}.Release|Any CPU.Build.0 = Release|Any CPU
	EndGlobalSection
	GlobalSection(SolutionProperties) = preSolution
		HideSolutionNode = FALSE
	EndGlobalSection
	GlobalSection(ExtensibilityGlobals) = postSolution
		SolutionGuid = {9FD2D511-20B6-495C-9746-1E1AFD5EB9A7}
	EndGlobalSection
EndGlobal
